
Microsoft Visual Studio Solution File, Format Version 12.00
# Visual Studio 15
VisualStudioVersion = 15.0.27130.2027
MinimumVisualStudioVersion = 10.0.40219.1
Project("{E24C65DC-7377-472B-9ABA-BC803B73C61A}") = "Kolegio", "Kolegio\", "{C4397FC5-476D-446E-A280-AF2F588014B8}"
	ProjectSection(WebsiteProperties) = preProject
		TargetFrameworkMoniker = ".NETFramework,Version%3Dv4.5"
		ProjectReferences = "{1d365894-e93f-4917-b0c0-4a1f92e02586}|Logica.dll;{0b3ba0b8-a229-463c-be0b-994df72cd8e5}|Utilitarios.dll;{71cd9dc0-466f-4f71-90ad-0bc957532012}|Datos.dll;"
		Debug.AspNetCompiler.VirtualPath = "/localhost_64576"
		Debug.AspNetCompiler.PhysicalPath = "Kolegio\"
		Debug.AspNetCompiler.TargetPath = "PrecompiledWeb\localhost_64576\"
		Debug.AspNetCompiler.Updateable = "true"
		Debug.AspNetCompiler.ForceOverwrite = "true"
		Debug.AspNetCompiler.FixedNames = "false"
		Debug.AspNetCompiler.Debug = "True"
		Release.AspNetCompiler.VirtualPath = "/localhost_64576"
		Release.AspNetCompiler.PhysicalPath = "Kolegio\"
		Release.AspNetCompiler.TargetPath = "PrecompiledWeb\localhost_64576\"
		Release.AspNetCompiler.Updateable = "true"
		Release.AspNetCompiler.ForceOverwrite = "true"
		Release.AspNetCompiler.FixedNames = "false"
		Release.AspNetCompiler.Debug = "False"
		VWDPort = "64576"
		SlnRelativePath = "Kolegio\"
		DefaultWebSiteLanguage = "Visual C#"
	EndProjectSection
EndProject
Project("{FAE04EC0-301F-11D3-BF4B-00C04F79EFBC}") = "Datos", "Datos\Datos.csproj", "{71CD9DC0-466F-4F71-90AD-0BC957532012}"
EndProject
Project("{FAE04EC0-301F-11D3-BF4B-00C04F79EFBC}") = "Logica", "Logica\Logica.csproj", "{1D365894-E93F-4917-B0C0-4A1F92E02586}"
EndProject
Project("{FAE04EC0-301F-11D3-BF4B-00C04F79EFBC}") = "Utilitarios", "Utilitarios\Utilitarios.csproj", "{0B3BA0B8-A229-463C-BE0B-994DF72CD8E5}"
EndProject
Global
	GlobalSection(SolutionConfigurationPlatforms) = preSolution
		Debug|Any CPU = Debug|Any CPU
		Release|Any CPU = Release|Any CPU
	EndGlobalSection
	GlobalSection(ProjectConfigurationPlatforms) = postSolution
		{C4397FC5-476D-446E-A280-AF2F588014B8}.Debug|Any CPU.ActiveCfg = Debug|Any CPU
		{C4397FC5-476D-446E-A280-AF2F588014B8}.Debug|Any CPU.Build.0 = Debug|Any CPU
		{C4397FC5-476D-446E-A280-AF2F588014B8}.Release|Any CPU.ActiveCfg = Debug|Any CPU
		{C4397FC5-476D-446E-A280-AF2F588014B8}.Release|Any CPU.Build.0 = Debug|Any CPU
		{71CD9DC0-466F-4F71-90AD-0BC957532012}.Debug|Any CPU.ActiveCfg = Debug|Any CPU
		{71CD9DC0-466F-4F71-90AD-0BC957532012}.Debug|Any CPU.Build.0 = Debug|Any CPU
		{71CD9DC0-466F-4F71-90AD-0BC957532012}.Release|Any CPU.ActiveCfg = Release|Any CPU
		{71CD9DC0-466F-4F71-90AD-0BC957532012}.Release|Any CPU.Build.0 = Release|Any CPU
		{1D365894-E93F-4917-B0C0-4A1F92E02586}.Debug|Any CPU.ActiveCfg = Debug|Any CPU
		{1D365894-E93F-4917-B0C0-4A1F92E02586}.Debug|Any CPU.Build.0 = Debug|Any CPU
		{1D365894-E93F-4917-B0C0-4A1F92E02586}.Release|Any CPU.ActiveCfg = Release|Any CPU
		{1D365894-E93F-4917-B0C0-4A1F92E02586}.Release|Any CPU.Build.0 = Release|Any CPU
		{0B3BA0B8-A229-463C-BE0B-994DF72CD8E5}.Debug|Any CPU.ActiveCfg = Debug|Any CPU
		{0B3BA0B8-A229-463C-BE0B-994DF72CD8E5}.Debug|Any CPU.Build.0 = Debug|Any CPU
		{0B3BA0B8-A229-463C-BE0B-994DF72CD8E5}.Release|Any CPU.ActiveCfg = Release|Any CPU
		{0B3BA0B8-A229-463C-BE0B-994DF72CD8E5}.Release|Any CPU.Build.0 = Release|Any CPU
	EndGlobalSection
	GlobalSection(SolutionProperties) = preSolution
		HideSolutionNode = FALSE
	EndGlobalSection
	GlobalSection(ExtensibilityGlobals) = postSolution
		SolutionGuid = {5C8AC688-6734-40C2-9718-D5BC176988FA}
	EndGlobalSection
EndGlobal
